
Microsoft Visual Studio Solution File, Format Version 12.00
# Visual Studio 2017
Project("{FAE04EC0-301F-11D3-BF4B-00C04F79EFBC}") = "CodeJamGame", "CodeJamGame.csproj", "{786B4D57-4F3A-460A-2134-1031CCB9079A}"
EndProject
Global
	GlobalSection(SolutionConfigurationPlatforms) = preSolution
		Debug|Any CPU = Debug|Any CPU
		Release|Any CPU = Release|Any CPU
	EndGlobalSection
	GlobalSection(ProjectConfigurationPlatforms) = postSolution
		{786B4D57-4F3A-460A-2134-1031CCB9079A}.Debug|Any CPU.ActiveCfg = Debug|Any CPU
		{786B4D57-4F3A-460A-2134-1031CCB9079A}.Debug|Any CPU.Build.0 = Debug|Any CPU
		{786B4D57-4F3A-460A-2134-1031CCB9079A}.Release|Any CPU.ActiveCfg = Release|Any CPU
		{786B4D57-4F3A-460A-2134-1031CCB9079A}.Release|Any CPU.Build.0 = Release|Any CPU
	EndGlobalSection
	GlobalSection(SolutionProperties) = preSolution
		HideSolutionNode = FALSE
	EndGlobalSection
EndGlobal
